
Microsoft Visual Studio Solution File, Format Version 12.00
# Visual Studio Version 17
VisualStudioVersion = 17.1.32407.343
MinimumVisualStudioVersion = 10.0.40219.1
Project("{F184B08F-C81C-45F6-A57F-5ABD9991F28F}") = "MonApp", "MonApp.vbproj", "{BE367482-D931-4E7B-9FCC-B99A5ADBB57D}"
EndProject
Global
	GlobalSection(SolutionConfigurationPlatforms) = preSolution
		Debug|Any CPU = Debug|Any CPU
		Release|Any CPU = Release|Any CPU
	EndGlobalSection
	GlobalSection(ProjectConfigurationPlatforms) = postSolution
		{BE367482-D931-4E7B-9FCC-B99A5ADBB57D}.Debug|Any CPU.ActiveCfg = Debug|Any CPU
		{BE367482-D931-4E7B-9FCC-B99A5ADBB57D}.Debug|Any CPU.Build.0 = Debug|Any CPU
		{BE367482-D931-4E7B-9FCC-B99A5ADBB57D}.Release|Any CPU.ActiveCfg = Release|Any CPU
		{BE367482-D931-4E7B-9FCC-B99A5ADBB57D}.Release|Any CPU.Build.0 = Release|Any CPU
	EndGlobalSection
	GlobalSection(SolutionProperties) = preSolution
		HideSolutionNode = FALSE
	EndGlobalSection
	GlobalSection(ExtensibilityGlobals) = postSolution
		SolutionGuid = {96C89CBB-939F-4BA2-8D67-89572302B430}
	EndGlobalSection
EndGlobal
